
Microsoft Visual Studio Solution File, Format Version 12.00
# Visual Studio Version 16
VisualStudioVersion = 16.0.31112.23
MinimumVisualStudioVersion = 10.0.40219.1
Project("{9A19103F-16F7-4668-BE54-9A1E7A4F7556}") = "TakeBlipTest.WebAPI", "TakeBlipTest.WebAPI\TakeBlipTest.WebAPI.csproj", "{518FAF9F-AD73-401C-9A5E-2F56BEA736DE}"
EndProject
Project("{9A19103F-16F7-4668-BE54-9A1E7A4F7556}") = "TakeBlipTest.Model", "TakeBlipTest.Model\TakeBlipTest.Model.csproj", "{B6F0745A-89A6-4792-8428-31F04249ADBC}"
EndProject
Project("{9A19103F-16F7-4668-BE54-9A1E7A4F7556}") = "TakeBlipTest.Service", "TakeBlipTest.Service\TakeBlipTest.Service.csproj", "{A386D2B0-6ECA-4FDC-9B35-0A2C45605423}"
EndProject
Global
	GlobalSection(SolutionConfigurationPlatforms) = preSolution
		Debug|Any CPU = Debug|Any CPU
		Release|Any CPU = Release|Any CPU
	EndGlobalSection
	GlobalSection(ProjectConfigurationPlatforms) = postSolution
		{518FAF9F-AD73-401C-9A5E-2F56BEA736DE}.Debug|Any CPU.ActiveCfg = Debug|Any CPU
		{518FAF9F-AD73-401C-9A5E-2F56BEA736DE}.Debug|Any CPU.Build.0 = Debug|Any CPU
		{518FAF9F-AD73-401C-9A5E-2F56BEA736DE}.Release|Any CPU.ActiveCfg = Release|Any CPU
		{518FAF9F-AD73-401C-9A5E-2F56BEA736DE}.Release|Any CPU.Build.0 = Release|Any CPU
		{B6F0745A-89A6-4792-8428-31F04249ADBC}.Debug|Any CPU.ActiveCfg = Debug|Any CPU
		{B6F0745A-89A6-4792-8428-31F04249ADBC}.Debug|Any CPU.Build.0 = Debug|Any CPU
		{B6F0745A-89A6-4792-8428-31F04249ADBC}.Release|Any CPU.ActiveCfg = Release|Any CPU
		{B6F0745A-89A6-4792-8428-31F04249ADBC}.Release|Any CPU.Build.0 = Release|Any CPU
		{A386D2B0-6ECA-4FDC-9B35-0A2C45605423}.Debug|Any CPU.ActiveCfg = Debug|Any CPU
		{A386D2B0-6ECA-4FDC-9B35-0A2C45605423}.Debug|Any CPU.Build.0 = Debug|Any CPU
		{A386D2B0-6ECA-4FDC-9B35-0A2C45605423}.Release|Any CPU.ActiveCfg = Release|Any CPU
		{A386D2B0-6ECA-4FDC-9B35-0A2C45605423}.Release|Any CPU.Build.0 = Release|Any CPU
	EndGlobalSection
	GlobalSection(SolutionProperties) = preSolution
		HideSolutionNode = FALSE
	EndGlobalSection
	GlobalSection(ExtensibilityGlobals) = postSolution
		SolutionGuid = {55479B7B-EC28-4915-86BD-83CCDF51BD22}
	EndGlobalSection
EndGlobal
